
Microsoft Visual Studio Solution File, Format Version 12.00
# Visual Studio Version 16
VisualStudioVersion = 16.0.31424.327
MinimumVisualStudioVersion = 10.0.40219.1
Project("{9A19103F-16F7-4668-BE54-9A1E7A4F7556}") = "ClientManagementSystemMVC", "TaskManagementSystemMVC\ClientManagementSystemMVC.csproj", "{FE21CE76-9380-43C1-B7A9-AEDBAAE49BEB}"
EndProject
Project("{9A19103F-16F7-4668-BE54-9A1E7A4F7556}") = "ApplicationCore", "ApplicationCore\ApplicationCore.csproj", "{8C25162F-71F6-42E4-AFB2-1F6B772FC4A9}"
EndProject
Project("{9A19103F-16F7-4668-BE54-9A1E7A4F7556}") = "Infrastructure", "Infrastructure\Infrastructure.csproj", "{B1B1F8DD-5A2E-4575-989C-0CB7BBCD6A3F}"
EndProject
Project("{9A19103F-16F7-4668-BE54-9A1E7A4F7556}") = "ClientManagementSystemAPI", "TaskManagementSystemAPI\ClientManagementSystemAPI.csproj", "{25A0200C-4642-46CF-8117-177AF88CB3EA}"
EndProject
Global
	GlobalSection(SolutionConfigurationPlatforms) = preSolution
		Debug|Any CPU = Debug|Any CPU
		Release|Any CPU = Release|Any CPU
	EndGlobalSection
	GlobalSection(ProjectConfigurationPlatforms) = postSolution
		{FE21CE76-9380-43C1-B7A9-AEDBAAE49BEB}.Debug|Any CPU.ActiveCfg = Debug|Any CPU
		{FE21CE76-9380-43C1-B7A9-AEDBAAE49BEB}.Debug|Any CPU.Build.0 = Debug|Any CPU
		{FE21CE76-9380-43C1-B7A9-AEDBAAE49BEB}.Release|Any CPU.ActiveCfg = Release|Any CPU
		{FE21CE76-9380-43C1-B7A9-AEDBAAE49BEB}.Release|Any CPU.Build.0 = Release|Any CPU
		{8C25162F-71F6-42E4-AFB2-1F6B772FC4A9}.Debug|Any CPU.ActiveCfg = Debug|Any CPU
		{8C25162F-71F6-42E4-AFB2-1F6B772FC4A9}.Debug|Any CPU.Build.0 = Debug|Any CPU
		{8C25162F-71F6-42E4-AFB2-1F6B772FC4A9}.Release|Any CPU.ActiveCfg = Release|Any CPU
		{8C25162F-71F6-42E4-AFB2-1F6B772FC4A9}.Release|Any CPU.Build.0 = Release|Any CPU
		{B1B1F8DD-5A2E-4575-989C-0CB7BBCD6A3F}.Debug|Any CPU.ActiveCfg = Debug|Any CPU
		{B1B1F8DD-5A2E-4575-989C-0CB7BBCD6A3F}.Debug|Any CPU.Build.0 = Debug|Any CPU
		{B1B1F8DD-5A2E-4575-989C-0CB7BBCD6A3F}.Release|Any CPU.ActiveCfg = Release|Any CPU
		{B1B1F8DD-5A2E-4575-989C-0CB7BBCD6A3F}.Release|Any CPU.Build.0 = Release|Any CPU
		{25A0200C-4642-46CF-8117-177AF88CB3EA}.Debug|Any CPU.ActiveCfg = Debug|Any CPU
		{25A0200C-4642-46CF-8117-177AF88CB3EA}.Debug|Any CPU.Build.0 = Debug|Any CPU
		{25A0200C-4642-46CF-8117-177AF88CB3EA}.Release|Any CPU.ActiveCfg = Release|Any CPU
		{25A0200C-4642-46CF-8117-177AF88CB3EA}.Release|Any CPU.Build.0 = Release|Any CPU
	EndGlobalSection
	GlobalSection(SolutionProperties) = preSolution
		HideSolutionNode = FALSE
	EndGlobalSection
	GlobalSection(ExtensibilityGlobals) = postSolution
		SolutionGuid = {5A0A0AA1-A0AC-4121-B7D9-F22870BC9E70}
	EndGlobalSection
EndGlobal
